// !$*UTF8*$!
{
	archiveVersion = 1;
	classes = {
	};
	objectVersion = 46;
	objects = {

/* Begin PBXBuildFile section */
		E35E14A61E02751C00F35908 /* ChatEmojiView.m in Sources */ = {isa = PBXBuildFile; fileRef = E35E149D1E02751C00F35908 /* ChatEmojiView.m */; };
		E35E14A71E02751C00F35908 /* ChatInputView.m in Sources */ = {isa = PBXBuildFile; fileRef = E35E149F1E02751C00F35908 /* ChatInputView.m */; };
		E35E14A81E02751C00F35908 /* EmojiCollectionViewCell.m in Sources */ = {isa = PBXBuildFile; fileRef = E35E14A11E02751C00F35908 /* EmojiCollectionViewCell.m */; };
		E35E14A91E02751C00F35908 /* InputTextField.m in Sources */ = {isa = PBXBuildFile; fileRef = E35E14A31E02751C00F35908 /* InputTextField.m */; };
		E35E14AA1E02751C00F35908 /* InputToolBar.m in Sources */ = {isa = PBXBuildFile; fileRef = E35E14A51E02751C00F35908 /* InputToolBar.m */; };
		E35E14B01E02762E00F35908 /* TPEmotionToolManager.m in Sources */ = {isa = PBXBuildFile; fileRef = E35E14AF1E02762E00F35908 /* TPEmotionToolManager.m */; };
		E35E14B51E027AAF00F35908 /* NSBundle+TPEmotion.m in Sources */ = {isa = PBXBuildFile; fileRef = E35E14B41E027AAF00F35908 /* NSBundle+TPEmotion.m */; };
		E35E14B81E027E2A00F35908 /* TPEmotionPackage.m in Sources */ = {isa = PBXBuildFile; fileRef = E35E14B71E027E2A00F35908 /* TPEmotionPackage.m */; };
		E35E14BB1E0280CC00F35908 /* TPEmotion.m in Sources */ = {isa = PBXBuildFile; fileRef = E35E14BA1E0280CC00F35908 /* TPEmotion.m */; };
		E35E14BE1E028DF300F35908 /* TPEmotionInputView.m in Sources */ = {isa = PBXBuildFile; fileRef = E35E14BD1E028DF300F35908 /* TPEmotionInputView.m */; };
		E35E14C11E02D86C00F35908 /* TPEmotionToolBar.m in Sources */ = {isa = PBXBuildFile; fileRef = E35E14C01E02D86C00F35908 /* TPEmotionToolBar.m */; };
		E35E14C71E02DFE800F35908 /* UIImage+TPEmotion.m in Sources */ = {isa = PBXBuildFile; fileRef = E35E14C61E02DFE800F35908 /* UIImage+TPEmotion.m */; };
		E3BFF23F1E014A5F008A8F24 /* main.m in Sources */ = {isa = PBXBuildFile; fileRef = E3BFF23E1E014A5F008A8F24 /* main.m */; };
		E3BFF2421E014A5F008A8F24 /* AppDelegate.m in Sources */ = {isa = PBXBuildFile; fileRef = E3BFF2411E014A5F008A8F24 /* AppDelegate.m */; };
		E3BFF2451E014A5F008A8F24 /* ViewController.m in Sources */ = {isa = PBXBuildFile; fileRef = E3BFF2441E014A5F008A8F24 /* ViewController.m */; };
		E3BFF2481E014A5F008A8F24 /* Main.storyboard in Resources */ = {isa = PBXBuildFile; fileRef = E3BFF2461E014A5F008A8F24 /* Main.storyboard */; };
		E3BFF24D1E014A5F008A8F24 /* LaunchScreen.storyboard in Resources */ = {isa = PBXBuildFile; fileRef = E3BFF24B1E014A5F008A8F24 /* LaunchScreen.storyboard */; };
		E3BFF2571E014A8E008A8F24 /* UIView+Cateory.m in Sources */ = {isa = PBXBuildFile; fileRef = E3BFF2561E014A8E008A8F24 /* UIView+Cateory.m */; };
		E3BFF2791E014A9A008A8F24 /* MASCompositeConstraint.m in Sources */ = {isa = PBXBuildFile; fileRef = E3BFF25F1E014A9A008A8F24 /* MASCompositeConstraint.m */; };
		E3BFF27A1E014A9A008A8F24 /* MASConstraint.m in Sources */ = {isa = PBXBuildFile; fileRef = E3BFF2621E014A9A008A8F24 /* MASConstraint.m */; };
		E3BFF27B1E014A9A008A8F24 /* MASConstraintMaker.m in Sources */ = {isa = PBXBuildFile; fileRef = E3BFF2641E014A9A008A8F24 /* MASConstraintMaker.m */; };
		E3BFF27C1E014A9A008A8F24 /* MASLayoutConstraint.m in Sources */ = {isa = PBXBuildFile; fileRef = E3BFF2661E014A9A008A8F24 /* MASLayoutConstraint.m */; };
		E3BFF27D1E014A9A008A8F24 /* MASViewAttribute.m in Sources */ = {isa = PBXBuildFile; fileRef = E3BFF26A1E014A9A008A8F24 /* MASViewAttribute.m */; };
		E3BFF27E1E014A9A008A8F24 /* MASViewConstraint.m in Sources */ = {isa = PBXBuildFile; fileRef = E3BFF26C1E014A9A008A8F24 /* MASViewConstraint.m */; };
		E3BFF27F1E014A9A008A8F24 /* NSArray+MASAdditions.m in Sources */ = {isa = PBXBuildFile; fileRef = E3BFF26E1E014A9A008A8F24 /* NSArray+MASAdditions.m */; };
		E3BFF2801E014A9A008A8F24 /* NSLayoutConstraint+MASDebugAdditions.m in Sources */ = {isa = PBXBuildFile; fileRef = E3BFF2711E014A9A008A8F24 /* NSLayoutConstraint+MASDebugAdditions.m */; };
		E3BFF2811E014A9A008A8F24 /* View+MASAdditions.m in Sources */ = {isa = PBXBuildFile; fileRef = E3BFF2731E014A9A008A8F24 /* View+MASAdditions.m */; };
		E3BFF2821E014A9A008A8F24 /* ViewController+MASAdditions.m in Sources */ = {isa = PBXBuildFile; fileRef = E3BFF2761E014A9A008A8F24 /* ViewController+MASAdditions.m */; };
		E3BFF2841E0150BE008A8F24 /* Assets.xcassets in Resources */ = {isa = PBXBuildFile; fileRef = E3BFF2831E0150BE008A8F24 /* Assets.xcassets */; };
/* End PBXBuildFile section */

/* Begin PBXFileReference section */
		E35E149C1E02751C00F35908 /* ChatEmojiView.h */ = {isa = PBXFileReference; fileEncoding = 4; lastKnownFileType = sourcecode.c.h; path = ChatEmojiView.h; sourceTree = "<group>"; };
		E35E149D1E02751C00F35908 /* ChatEmojiView.m */ = {isa = PBXFileReference; fileEncoding = 4; lastKnownFileType = sourcecode.c.objc; path = ChatEmojiView.m; sourceTree = "<group>"; };
		E35E149E1E02751C00F35908 /* ChatInputView.h */ = {isa = PBXFileReference; fileEncoding = 4; lastKnownFileType = sourcecode.c.h; path = ChatInputView.h; sourceTree = "<group>"; };
		E35E149F1E02751C00F35908 /* ChatInputView.m */ = {isa = PBXFileReference; fileEncoding = 4; lastKnownFileType = sourcecode.c.objc; path = ChatInputView.m; sourceTree = "<group>"; };
		E35E14A01E02751C00F35908 /* EmojiCollectionViewCell.h */ = {isa = PBXFileReference; fileEncoding = 4; lastKnownFileType = sourcecode.c.h; path = EmojiCollectionViewCell.h; sourceTree = "<group>"; };
		E35E14A11E02751C00F35908 /* EmojiCollectionViewCell.m */ = {isa = PBXFileReference; fileEncoding = 4; lastKnownFileType = sourcecode.c.objc; path = EmojiCollectionViewCell.m; sourceTree = "<group>"; };
		E35E14A21E02751C00F35908 /* InputTextField.h */ = {isa = PBXFileReference; fileEncoding = 4; lastKnownFileType = sourcecode.c.h; path = InputTextField.h; sourceTree = "<group>"; };
		E35E14A31E02751C00F35908 /* InputTextField.m */ = {isa = PBXFileReference; fileEncoding = 4; lastKnownFileType = sourcecode.c.objc; path = InputTextField.m; sourceTree = "<group>"; };
		E35E14A41E02751C00F35908 /* InputToolBar.h */ = {isa = PBXFileReference; fileEncoding = 4; lastKnownFileType = sourcecode.c.h; path = InputToolBar.h; sourceTree = "<group>"; };
		E35E14A51E02751C00F35908 /* InputToolBar.m */ = {isa = PBXFileReference; fileEncoding = 4; lastKnownFileType = sourcecode.c.objc; path = InputToolBar.m; sourceTree = "<group>"; };
		E35E14AE1E02762E00F35908 /* TPEmotionToolManager.h */ = {isa = PBXFileReference; fileEncoding = 4; lastKnownFileType = sourcecode.c.h; path = TPEmotionToolManager.h; sourceTree = "<group>"; };
		E35E14AF1E02762E00F35908 /* TPEmotionToolManager.m */ = {isa = PBXFileReference; fileEncoding = 4; lastKnownFileType = sourcecode.c.objc; path = TPEmotionToolManager.m; sourceTree = "<group>"; };
		E35E14B31E027AAF00F35908 /* NSBundle+TPEmotion.h */ = {isa = PBXFileReference; fileEncoding = 4; lastKnownFileType = sourcecode.c.h; path = "NSBundle+TPEmotion.h"; sourceTree = "<group>"; };
		E35E14B41E027AAF00F35908 /* NSBundle+TPEmotion.m */ = {isa = PBXFileReference; fileEncoding = 4; lastKnownFileType = sourcecode.c.objc; path = "NSBundle+TPEmotion.m"; sourceTree = "<group>"; };
		E35E14B61E027E2A00F35908 /* TPEmotionPackage.h */ = {isa = PBXFileReference; fileEncoding = 4; lastKnownFileType = sourcecode.c.h; path = TPEmotionPackage.h; sourceTree = "<group>"; };
		E35E14B71E027E2A00F35908 /* TPEmotionPackage.m */ = {isa = PBXFileReference; fileEncoding = 4; lastKnownFileType = sourcecode.c.objc; path = TPEmotionPackage.m; sourceTree = "<group>"; };
		E35E14B91E0280CC00F35908 /* TPEmotion.h */ = {isa = PBXFileReference; fileEncoding = 4; lastKnownFileType = sourcecode.c.h; path = TPEmotion.h; sourceTree = "<group>"; };
		E35E14BA1E0280CC00F35908 /* TPEmotion.m */ = {isa = PBXFileReference; fileEncoding = 4; lastKnownFileType = sourcecode.c.objc; path = TPEmotion.m; sourceTree = "<group>"; };
		E35E14BC1E028DF300F35908 /* TPEmotionInputView.h */ = {isa = PBXFileReference; fileEncoding = 4; lastKnownFileType = sourcecode.c.h; path = TPEmotionInputView.h; sourceTree = "<group>"; };
		E35E14BD1E028DF300F35908 /* TPEmotionInputView.m */ = {isa = PBXFileReference; fileEncoding = 4; lastKnownFileType = sourcecode.c.objc; path = TPEmotionInputView.m; sourceTree = "<group>"; };
		E35E14BF1E02D86C00F35908 /* TPEmotionToolBar.h */ = {isa = PBXFileReference; fileEncoding = 4; lastKnownFileType = sourcecode.c.h; path = TPEmotionToolBar.h; sourceTree = "<group>"; };
		E35E14C01E02D86C00F35908 /* TPEmotionToolBar.m */ = {isa = PBXFileReference; fileEncoding = 4; lastKnownFileType = sourcecode.c.objc; path = TPEmotionToolBar.m; sourceTree = "<group>"; };
		E35E14C51E02DFE800F35908 /* UIImage+TPEmotion.h */ = {isa = PBXFileReference; fileEncoding = 4; lastKnownFileType = sourcecode.c.h; path = "UIImage+TPEmotion.h"; sourceTree = "<group>"; };
		E35E14C61E02DFE800F35908 /* UIImage+TPEmotion.m */ = {isa = PBXFileReference; fileEncoding = 4; lastKnownFileType = sourcecode.c.objc; path = "UIImage+TPEmotion.m"; sourceTree = "<group>"; };
		E3BFF23A1E014A5F008A8F24 /* TPEmotion.app */ = {isa = PBXFileReference; explicitFileType = wrapper.application; includeInIndex = 0; path = TPEmotion.app; sourceTree = BUILT_PRODUCTS_DIR; };
		E3BFF23E1E014A5F008A8F24 /* main.m */ = {isa = PBXFileReference; lastKnownFileType = sourcecode.c.objc; path = main.m; sourceTree = "<group>"; };
		E3BFF2401E014A5F008A8F24 /* AppDelegate.h */ = {isa = PBXFileReference; lastKnownFileType = sourcecode.c.h; path = AppDelegate.h; sourceTree = "<group>"; };
		E3BFF2411E014A5F008A8F24 /* AppDelegate.m */ = {isa = PBXFileReference; lastKnownFileType = sourcecode.c.objc; path = AppDelegate.m; sourceTree = "<group>"; };
		E3BFF2431E014A5F008A8F24 /* ViewController.h */ = {isa = PBXFileReference; lastKnownFileType = sourcecode.c.h; path = ViewController.h; sourceTree = "<group>"; };
		E3BFF2441E014A5F008A8F24 /* ViewController.m */ = {isa = PBXFileReference; lastKnownFileType = sourcecode.c.objc; path = ViewController.m; sourceTree = "<group>"; };
		E3BFF2471E014A5F008A8F24 /* Base */ = {isa = PBXFileReference; lastKnownFileType = file.storyboard; name = Base; path = Base.lproj/Main.storyboard; sourceTree = "<group>"; };
		E3BFF24C1E014A5F008A8F24 /* Base */ = {isa = PBXFileReference; lastKnownFileType = file.storyboard; name = Base; path = Base.lproj/LaunchScreen.storyboard; sourceTree = "<group>"; };
		E3BFF24E1E014A5F008A8F24 /* Info.plist */ = {isa = PBXFileReference; lastKnownFileType = text.plist.xml; path = Info.plist; sourceTree = "<group>"; };
		E3BFF2551E014A8E008A8F24 /* UIView+Cateory.h */ = {isa = PBXFileReference; fileEncoding = 4; lastKnownFileType = sourcecode.c.h; path = "UIView+Cateory.h"; sourceTree = "<group>"; };
		E3BFF2561E014A8E008A8F24 /* UIView+Cateory.m */ = {isa = PBXFileReference; fileEncoding = 4; lastKnownFileType = sourcecode.c.objc; path = "UIView+Cateory.m"; sourceTree = "<group>"; };
		E3BFF25E1E014A9A008A8F24 /* MASCompositeConstraint.h */ = {isa = PBXFileReference; fileEncoding = 4; lastKnownFileType = sourcecode.c.h; path = MASCompositeConstraint.h; sourceTree = "<group>"; };
		E3BFF25F1E014A9A008A8F24 /* MASCompositeConstraint.m */ = {isa = PBXFileReference; fileEncoding = 4; lastKnownFileType = sourcecode.c.objc; path = MASCompositeConstraint.m; sourceTree = "<group>"; };
		E3BFF2601E014A9A008A8F24 /* MASConstraint+Private.h */ = {isa = PBXFileReference; fileEncoding = 4; lastKnownFileType = sourcecode.c.h; path = "MASConstraint+Private.h"; sourceTree = "<group>"; };
		E3BFF2611E014A9A008A8F24 /* MASConstraint.h */ = {isa = PBXFileReference; fileEncoding = 4; lastKnownFileType = sourcecode.c.h; path = MASConstraint.h; sourceTree = "<group>"; };
		E3BFF2621E014A9A008A8F24 /* MASConstraint.m */ = {isa = PBXFileReference; fileEncoding = 4; lastKnownFileType = sourcecode.c.objc; path = MASConstraint.m; sourceTree = "<group>"; };
		E3BFF2631E014A9A008A8F24 /* MASConstraintMaker.h */ = {isa = PBXFileReference; fileEncoding = 4; lastKnownFileType = sourcecode.c.h; path = MASConstraintMaker.h; sourceTree = "<group>"; };
		E3BFF2641E014A9A008A8F24 /* MASConstraintMaker.m */ = {isa = PBXFileReference; fileEncoding = 4; lastKnownFileType = sourcecode.c.objc; path = MASConstraintMaker.m; sourceTree = "<group>"; };
		E3BFF2651E014A9A008A8F24 /* MASLayoutConstraint.h */ = {isa = PBXFileReference; fileEncoding = 4; lastKnownFileType = sourcecode.c.h; path = MASLayoutConstraint.h; sourceTree = "<group>"; };
		E3BFF2661E014A9A008A8F24 /* MASLayoutConstraint.m */ = {isa = PBXFileReference; fileEncoding = 4; lastKnownFileType = sourcecode.c.objc; path = MASLayoutConstraint.m; sourceTree = "<group>"; };
		E3BFF2671E014A9A008A8F24 /* Masonry.h */ = {isa = PBXFileReference; fileEncoding = 4; lastKnownFileType = sourcecode.c.h; path = Masonry.h; sourceTree = "<group>"; };
		E3BFF2681E014A9A008A8F24 /* MASUtilities.h */ = {isa = PBXFileReference; fileEncoding = 4; lastKnownFileType = sourcecode.c.h; path = MASUtilities.h; sourceTree = "<group>"; };
		E3BFF2691E014A9A008A8F24 /* MASViewAttribute.h */ = {isa = PBXFileReference; fileEncoding = 4; lastKnownFileType = sourcecode.c.h; path = MASViewAttribute.h; sourceTree = "<group>"; };
		E3BFF26A1E014A9A008A8F24 /* MASViewAttribute.m */ = {isa = PBXFileReference; fileEncoding = 4; lastKnownFileType = sourcecode.c.objc; path = MASViewAttribute.m; sourceTree = "<group>"; };
		E3BFF26B1E014A9A008A8F24 /* MASViewConstraint.h */ = {isa = PBXFileReference; fileEncoding = 4; lastKnownFileType = sourcecode.c.h; path = MASViewConstraint.h; sourceTree = "<group>"; };
		E3BFF26C1E014A9A008A8F24 /* MASViewConstraint.m */ = {isa = PBXFileReference; fileEncoding = 4; lastKnownFileType = sourcecode.c.objc; path = MASViewConstraint.m; sourceTree = "<group>"; };
		E3BFF26D1E014A9A008A8F24 /* NSArray+MASAdditions.h */ = {isa = PBXFileReference; fileEncoding = 4; lastKnownFileType = sourcecode.c.h; path = "NSArray+MASAdditions.h"; sourceTree = "<group>"; };
		E3BFF26E1E014A9A008A8F24 /* NSArray+MASAdditions.m */ = {isa = PBXFileReference; fileEncoding = 4; lastKnownFileType = sourcecode.c.objc; path = "NSArray+MASAdditions.m"; sourceTree = "<group>"; };
		E3BFF26F1E014A9A008A8F24 /* NSArray+MASShorthandAdditions.h */ = {isa = PBXFileReference; fileEncoding = 4; lastKnownFileType = sourcecode.c.h; path = "NSArray+MASShorthandAdditions.h"; sourceTree = "<group>"; };
		E3BFF2701E014A9A008A8F24 /* NSLayoutConstraint+MASDebugAdditions.h */ = {isa = PBXFileReference; fileEncoding = 4; lastKnownFileType = sourcecode.c.h; path = "NSLayoutConstraint+MASDebugAdditions.h"; sourceTree = "<group>"; };
		E3BFF2711E014A9A008A8F24 /* NSLayoutConstraint+MASDebugAdditions.m */ = {isa = PBXFileReference; fileEncoding = 4; lastKnownFileType = sourcecode.c.objc; path = "NSLayoutConstraint+MASDebugAdditions.m"; sourceTree = "<group>"; };
		E3BFF2721E014A9A008A8F24 /* View+MASAdditions.h */ = {isa = PBXFileReference; fileEncoding = 4; lastKnownFileType = sourcecode.c.h; path = "View+MASAdditions.h"; sourceTree = "<group>"; };
		E3BFF2731E014A9A008A8F24 /* View+MASAdditions.m */ = {isa = PBXFileReference; fileEncoding = 4; lastKnownFileType = sourcecode.c.objc; path = "View+MASAdditions.m"; sourceTree = "<group>"; };
		E3BFF2741E014A9A008A8F24 /* View+MASShorthandAdditions.h */ = {isa = PBXFileReference; fileEncoding = 4; lastKnownFileType = sourcecode.c.h; path = "View+MASShorthandAdditions.h"; sourceTree = "<group>"; };
		E3BFF2751E014A9A008A8F24 /* ViewController+MASAdditions.h */ = {isa = PBXFileReference; fileEncoding = 4; lastKnownFileType = sourcecode.c.h; path = "ViewController+MASAdditions.h"; sourceTree = "<group>"; };
		E3BFF2761E014A9A008A8F24 /* ViewController+MASAdditions.m */ = {isa = PBXFileReference; fileEncoding = 4; lastKnownFileType = sourcecode.c.objc; path = "ViewController+MASAdditions.m"; sourceTree = "<group>"; };
		E3BFF2831E0150BE008A8F24 /* Assets.xcassets */ = {isa = PBXFileReference; lastKnownFileType = folder.assetcatalog; path = Assets.xcassets; sourceTree = "<group>"; };
/* End PBXFileReference section */

/* Begin PBXFrameworksBuildPhase section */
		E3BFF2371E014A5F008A8F24 /* Frameworks */ = {
			isa = PBXFrameworksBuildPhase;
			buildActionMask = 2147483647;
			files = (
			);
			runOnlyForDeploymentPostprocessing = 0;
		};
/* End PBXFrameworksBuildPhase section */

/* Begin PBXGroup section */
		E35E14971E02751C00F35908 /* Attachment */ = {
			isa = PBXGroup;
			children = (
			);
			path = Attachment;
			sourceTree = "<group>";
		};
		E35E14981E02751C00F35908 /* Data */ = {
			isa = PBXGroup;
			children = (
			);
			path = Data;
			sourceTree = "<group>";
		};
		E35E14991E02751C00F35908 /* Item */ = {
			isa = PBXGroup;
			children = (
			);
			path = Item;
			sourceTree = "<group>";
		};
		E35E149A1E02751C00F35908 /* Model */ = {
			isa = PBXGroup;
			children = (
				E35E14B61E027E2A00F35908 /* TPEmotionPackage.h */,
				E35E14B71E027E2A00F35908 /* TPEmotionPackage.m */,
				E35E14B91E0280CC00F35908 /* TPEmotion.h */,
				E35E14BA1E0280CC00F35908 /* TPEmotion.m */,
			);
			path = Model;
			sourceTree = "<group>";
		};
		E35E149B1E02751C00F35908 /* Views */ = {
			isa = PBXGroup;
			children = (
				E35E14BC1E028DF300F35908 /* TPEmotionInputView.h */,
				E35E14BD1E028DF300F35908 /* TPEmotionInputView.m */,
				E35E14BF1E02D86C00F35908 /* TPEmotionToolBar.h */,
				E35E14C01E02D86C00F35908 /* TPEmotionToolBar.m */,
				E35E149C1E02751C00F35908 /* ChatEmojiView.h */,
				E35E149D1E02751C00F35908 /* ChatEmojiView.m */,
				E35E149E1E02751C00F35908 /* ChatInputView.h */,
				E35E149F1E02751C00F35908 /* ChatInputView.m */,
				E35E14A01E02751C00F35908 /* EmojiCollectionViewCell.h */,
				E35E14A11E02751C00F35908 /* EmojiCollectionViewCell.m */,
				E35E14A21E02751C00F35908 /* InputTextField.h */,
				E35E14A31E02751C00F35908 /* InputTextField.m */,
				E35E14A41E02751C00F35908 /* InputToolBar.h */,
				E35E14A51E02751C00F35908 /* InputToolBar.m */,
			);
			path = Views;
			sourceTree = "<group>";
		};
		E3BFF2311E014A5F008A8F24 = {
			isa = PBXGroup;
			children = (
				E3BFF23C1E014A5F008A8F24 /* TPEmotion */,
				E3BFF23B1E014A5F008A8F24 /* Products */,
			);
			sourceTree = "<group>";
		};
		E3BFF23B1E014A5F008A8F24 /* Products */ = {
			isa = PBXGroup;
			children = (
				E3BFF23A1E014A5F008A8F24 /* TPEmotion.app */,
			);
			name = Products;
			sourceTree = "<group>";
		};
		E3BFF23C1E014A5F008A8F24 /* TPEmotion */ = {
			isa = PBXGroup;
			children = (
				E35E14971E02751C00F35908 /* Attachment */,
				E35E14981E02751C00F35908 /* Data */,
				E35E14991E02751C00F35908 /* Item */,
				E35E149A1E02751C00F35908 /* Model */,
				E35E149B1E02751C00F35908 /* Views */,
				E3BFF2541E014A8E008A8F24 /* Category */,
				E3BFF25C1E014A9A008A8F24 /* lib */,
				E35E14AE1E02762E00F35908 /* TPEmotionToolManager.h */,
				E35E14AF1E02762E00F35908 /* TPEmotionToolManager.m */,
				E3BFF2401E014A5F008A8F24 /* AppDelegate.h */,
				E3BFF2411E014A5F008A8F24 /* AppDelegate.m */,
				E3BFF2431E014A5F008A8F24 /* ViewController.h */,
				E3BFF2441E014A5F008A8F24 /* ViewController.m */,
				E3BFF2461E014A5F008A8F24 /* Main.storyboard */,
				E3BFF24B1E014A5F008A8F24 /* LaunchScreen.storyboard */,
				E3BFF2831E0150BE008A8F24 /* Assets.xcassets */,
				E3BFF24E1E014A5F008A8F24 /* Info.plist */,
				E3BFF23D1E014A5F008A8F24 /* Supporting Files */,
			);
			path = TPEmotion;
			sourceTree = "<group>";
		};
		E3BFF23D1E014A5F008A8F24 /* Supporting Files */ = {
			isa = PBXGroup;
			children = (
				E3BFF23E1E014A5F008A8F24 /* main.m */,
			);
			name = "Supporting Files";
			sourceTree = "<group>";
		};
		E3BFF2541E014A8E008A8F24 /* Category */ = {
			isa = PBXGroup;
			children = (
				E35E14B31E027AAF00F35908 /* NSBundle+TPEmotion.h */,
				E35E14B41E027AAF00F35908 /* NSBundle+TPEmotion.m */,
				E3BFF2551E014A8E008A8F24 /* UIView+Cateory.h */,
				E3BFF2561E014A8E008A8F24 /* UIView+Cateory.m */,
				E35E14C51E02DFE800F35908 /* UIImage+TPEmotion.h */,
				E35E14C61E02DFE800F35908 /* UIImage+TPEmotion.m */,
			);
			path = Category;
			sourceTree = "<group>";
		};
		E3BFF25C1E014A9A008A8F24 /* lib */ = {
			isa = PBXGroup;
			children = (
				E3BFF25D1E014A9A008A8F24 /* Masonry */,
			);
			path = lib;
			sourceTree = "<group>";
		};
		E3BFF25D1E014A9A008A8F24 /* Masonry */ = {
			isa = PBXGroup;
			children = (
				E3BFF25E1E014A9A008A8F24 /* MASCompositeConstraint.h */,
				E3BFF25F1E014A9A008A8F24 /* MASCompositeConstraint.m */,
				E3BFF2601E014A9A008A8F24 /* MASConstraint+Private.h */,
				E3BFF2611E014A9A008A8F24 /* MASConstraint.h */,
				E3BFF2621E014A9A008A8F24 /* MASConstraint.m */,
				E3BFF2631E014A9A008A8F24 /* MASConstraintMaker.h */,
				E3BFF2641E014A9A008A8F24 /* MASConstraintMaker.m */,
				E3BFF2651E014A9A008A8F24 /* MASLayoutConstraint.h */,
				E3BFF2661E014A9A008A8F24 /* MASLayoutConstraint.m */,
				E3BFF2671E014A9A008A8F24 /* Masonry.h */,
				E3BFF2681E014A9A008A8F24 /* MASUtilities.h */,
				E3BFF2691E014A9A008A8F24 /* MASViewAttribute.h */,
				E3BFF26A1E014A9A008A8F24 /* MASViewAttribute.m */,
				E3BFF26B1E014A9A008A8F24 /* MASViewConstraint.h */,
				E3BFF26C1E014A9A008A8F24 /* MASViewConstraint.m */,
				E3BFF26D1E014A9A008A8F24 /* NSArray+MASAdditions.h */,
				E3BFF26E1E014A9A008A8F24 /* NSArray+MASAdditions.m */,
				E3BFF26F1E014A9A008A8F24 /* NSArray+MASShorthandAdditions.h */,
				E3BFF2701E014A9A008A8F24 /* NSLayoutConstraint+MASDebugAdditions.h */,
				E3BFF2711E014A9A008A8F24 /* NSLayoutConstraint+MASDebugAdditions.m */,
				E3BFF2721E014A9A008A8F24 /* View+MASAdditions.h */,
				E3BFF2731E014A9A008A8F24 /* View+MASAdditions.m */,
				E3BFF2741E014A9A008A8F24 /* View+MASShorthandAdditions.h */,
				E3BFF2751E014A9A008A8F24 /* ViewController+MASAdditions.h */,
				E3BFF2761E014A9A008A8F24 /* ViewController+MASAdditions.m */,
			);
			path = Masonry;
			sourceTree = "<group>";
		};
/* End PBXGroup section */

/* Begin PBXNativeTarget section */
		E3BFF2391E014A5F008A8F24 /* TPEmotion */ = {
			isa = PBXNativeTarget;
			buildConfigurationList = E3BFF2511E014A5F008A8F24 /* Build configuration list for PBXNativeTarget "TPEmotion" */;
			buildPhases = (
				E3BFF2361E014A5F008A8F24 /* Sources */,
				E3BFF2371E014A5F008A8F24 /* Frameworks */,
				E3BFF2381E014A5F008A8F24 /* Resources */,
			);
			buildRules = (
			);
			dependencies = (
			);
			name = TPEmotion;
			productName = TPEmotion;
			productReference = E3BFF23A1E014A5F008A8F24 /* TPEmotion.app */;
			productType = "com.apple.product-type.application";
		};
/* End PBXNativeTarget section */

/* Begin PBXProject section */
		E3BFF2321E014A5F008A8F24 /* Project object */ = {
			isa = PBXProject;
			attributes = {
				LastUpgradeCheck = 0810;
				ORGANIZATIONNAME = Tempker;
				TargetAttributes = {
					E3BFF2391E014A5F008A8F24 = {
						CreatedOnToolsVersion = 8.1;
						DevelopmentTeam = 53WAK344J7;
						ProvisioningStyle = Automatic;
					};
				};
			};
			buildConfigurationList = E3BFF2351E014A5F008A8F24 /* Build configuration list for PBXProject "TPEmotion" */;
			compatibilityVersion = "Xcode 3.2";
			developmentRegion = English;
			hasScannedForEncodings = 0;
			knownRegions = (
				en,
				Base,
			);
			mainGroup = E3BFF2311E014A5F008A8F24;
			productRefGroup = E3BFF23B1E014A5F008A8F24 /* Products */;
			projectDirPath = "";
			projectRoot = "";
			targets = (
				E3BFF2391E014A5F008A8F24 /* TPEmotion */,
			);
		};
/* End PBXProject section */

/* Begin PBXResourcesBuildPhase section */
		E3BFF2381E014A5F008A8F24 /* Resources */ = {
			isa = PBXResourcesBuildPhase;
			buildActionMask = 2147483647;
			files = (
				E3BFF24D1E014A5F008A8F24 /* LaunchScreen.storyboard in Resources */,
				E3BFF2841E0150BE008A8F24 /* Assets.xcassets in Resources */,
				E3BFF2481E014A5F008A8F24 /* Main.storyboard in Resources */,
			);
			runOnlyForDeploymentPostprocessing = 0;
		};
/* End PBXResourcesBuildPhase section */

/* Begin PBXSourcesBuildPhase section */
		E3BFF2361E014A5F008A8F24 /* Sources */ = {
			isa = PBXSourcesBuildPhase;
			buildActionMask = 2147483647;
			files = (
				E35E14B81E027E2A00F35908 /* TPEmotionPackage.m in Sources */,
				E35E14A61E02751C00F35908 /* ChatEmojiView.m in Sources */,
				E3BFF27A1E014A9A008A8F24 /* MASConstraint.m in Sources */,
				E3BFF27D1E014A9A008A8F24 /* MASViewAttribute.m in Sources */,
				E3BFF2821E014A9A008A8F24 /* ViewController+MASAdditions.m in Sources */,
				E3BFF27F1E014A9A008A8F24 /* NSArray+MASAdditions.m in Sources */,
				E3BFF27E1E014A9A008A8F24 /* MASViewConstraint.m in Sources */,
				E35E14A81E02751C00F35908 /* EmojiCollectionViewCell.m in Sources */,
				E3BFF27C1E014A9A008A8F24 /* MASLayoutConstraint.m in Sources */,
				E35E14B01E02762E00F35908 /* TPEmotionToolManager.m in Sources */,
				E3BFF2451E014A5F008A8F24 /* ViewController.m in Sources */,
				E35E14B51E027AAF00F35908 /* NSBundle+TPEmotion.m in Sources */,
				E35E14AA1E02751C00F35908 /* InputToolBar.m in Sources */,
				E35E14C71E02DFE800F35908 /* UIImage+TPEmotion.m in Sources */,
				E35E14BB1E0280CC00F35908 /* TPEmotion.m in Sources */,
				E3BFF2811E014A9A008A8F24 /* View+MASAdditions.m in Sources */,
				E3BFF2791E014A9A008A8F24 /* MASCompositeConstraint.m in Sources */,
				E3BFF2801E014A9A008A8F24 /* NSLayoutConstraint+MASDebugAdditions.m in Sources */,
				E35E14BE1E028DF300F35908 /* TPEmotionInputView.m in Sources */,
				E35E14A71E02751C00F35908 /* ChatInputView.m in Sources */,
				E3BFF27B1E014A9A008A8F24 /* MASConstraintMaker.m in Sources */,
				E35E14A91E02751C00F35908 /* InputTextField.m in Sources */,
				E3BFF2421E014A5F008A8F24 /* AppDelegate.m in Sources */,
				E3BFF2571E014A8E008A8F24 /* UIView+Cateory.m in Sources */,
				E3BFF23F1E014A5F008A8F24 /* main.m in Sources */,
				E35E14C11E02D86C00F35908 /* TPEmotionToolBar.m in Sources */,
			);
			runOnlyForDeploymentPostprocessing = 0;
		};
/* End PBXSourcesBuildPhase section */

/* Begin PBXVariantGroup section */
		E3BFF2461E014A5F008A8F24 /* Main.storyboard */ = {
			isa = PBXVariantGroup;
			children = (
				E3BFF2471E014A5F008A8F24 /* Base */,
			);
			name = Main.storyboard;
			sourceTree = "<group>";
		};
		E3BFF24B1E014A5F008A8F24 /* LaunchScreen.storyboard */ = {
			isa = PBXVariantGroup;
			children = (
				E3BFF24C1E014A5F008A8F24 /* Base */,
			);
			name = LaunchScreen.storyboard;
			sourceTree = "<group>";
		};
/* End PBXVariantGroup section */

/* Begin XCBuildConfiguration section */
		E3BFF24F1E014A5F008A8F24 /* Debug */ = {
			isa = XCBuildConfiguration;
			buildSettings = {
				ALWAYS_SEARCH_USER_PATHS = NO;
				CLANG_ANALYZER_NONNULL = YES;
				CLANG_CXX_LANGUAGE_STANDARD = "gnu++0x";
				CLANG_CXX_LIBRARY = "libc++";
				CLANG_ENABLE_MODULES = YES;
				CLANG_ENABLE_OBJC_ARC = YES;
				CLANG_WARN_BOOL_CONVERSION = YES;
				CLANG_WARN_CONSTANT_CONVERSION = YES;
				CLANG_WARN_DIRECT_OBJC_ISA_USAGE = YES_ERROR;
				CLANG_WARN_DOCUMENTATION_COMMENTS = YES;
				CLANG_WARN_EMPTY_BODY = YES;
				CLANG_WARN_ENUM_CONVERSION = YES;
				CLANG_WARN_INFINITE_RECURSION = YES;
				CLANG_WARN_INT_CONVERSION = YES;
				CLANG_WARN_OBJC_ROOT_CLASS = YES_ERROR;
				CLANG_WARN_SUSPICIOUS_MOVES = YES;
				CLANG_WARN_UNREACHABLE_CODE = YES;
				CLANG_WARN__DUPLICATE_METHOD_MATCH = YES;
				"CODE_SIGN_IDENTITY[sdk=iphoneos*]" = "iPhone Developer";
				COPY_PHASE_STRIP = NO;
				DEBUG_INFORMATION_FORMAT = dwarf;
				ENABLE_STRICT_OBJC_MSGSEND = YES;
				ENABLE_TESTABILITY = YES;
				GCC_C_LANGUAGE_STANDARD = gnu99;
				GCC_DYNAMIC_NO_PIC = NO;
				GCC_NO_COMMON_BLOCKS = YES;
				GCC_OPTIMIZATION_LEVEL = 0;
				GCC_PREPROCESSOR_DEFINITIONS = (
					"DEBUG=1",
					"$(inherited)",
				);
				GCC_WARN_64_TO_32_BIT_CONVERSION = YES;
				GCC_WARN_ABOUT_RETURN_TYPE = YES_ERROR;
				GCC_WARN_UNDECLARED_SELECTOR = YES;
				GCC_WARN_UNINITIALIZED_AUTOS = YES_AGGRESSIVE;
				GCC_WARN_UNUSED_FUNCTION = YES;
				GCC_WARN_UNUSED_VARIABLE = YES;
				IPHONEOS_DEPLOYMENT_TARGET = 10.1;
				MTL_ENABLE_DEBUG_INFO = YES;
				ONLY_ACTIVE_ARCH = YES;
				SDKROOT = iphoneos;
			};
			name = Debug;
		};
		E3BFF2501E014A5F008A8F24 /* Release */ = {
			isa = XCBuildConfiguration;
			buildSettings = {
				ALWAYS_SEARCH_USER_PATHS = NO;
				CLANG_ANALYZER_NONNULL = YES;
				CLANG_CXX_LANGUAGE_STANDARD = "gnu++0x";
				CLANG_CXX_LIBRARY = "libc++";
				CLANG_ENABLE_MODULES = YES;
				CLANG_ENABLE_OBJC_ARC = YES;
				CLANG_WARN_BOOL_CONVERSION = YES;
				CLANG_WARN_CONSTANT_CONVERSION = YES;
				CLANG_WARN_DIRECT_OBJC_ISA_USAGE = YES_ERROR;
				CLANG_WARN_DOCUMENTATION_COMMENTS = YES;
				CLANG_WARN_EMPTY_BODY = YES;
				CLANG_WARN_ENUM_CONVERSION = YES;
				CLANG_WARN_INFINITE_RECURSION = YES;
				CLANG_WARN_INT_CONVERSION = YES;
				CLANG_WARN_OBJC_ROOT_CLASS = YES_ERROR;
				CLANG_WARN_SUSPICIOUS_MOVES = YES;
				CLANG_WARN_UNREACHABLE_CODE = YES;
				CLANG_WARN__DUPLICATE_METHOD_MATCH = YES;
				"CODE_SIGN_IDENTITY[sdk=iphoneos*]" = "iPhone Developer";
				COPY_PHASE_STRIP = NO;
				DEBUG_INFORMATION_FORMAT = "dwarf-with-dsym";
				ENABLE_NS_ASSERTIONS = NO;
				ENABLE_STRICT_OBJC_MSGSEND = YES;
				GCC_C_LANGUAGE_STANDARD = gnu99;
				GCC_NO_COMMON_BLOCKS = YES;
				GCC_WARN_64_TO_32_BIT_CONVERSION = YES;
				GCC_WARN_ABOUT_RETURN_TYPE = YES_ERROR;
				GCC_WARN_UNDECLARED_SELECTOR = YES;
				GCC_WARN_UNINITIALIZED_AUTOS = YES_AGGRESSIVE;
				GCC_WARN_UNUSED_FUNCTION = YES;
				GCC_WARN_UNUSED_VARIABLE = YES;
				IPHONEOS_DEPLOYMENT_TARGET = 10.1;
				MTL_ENABLE_DEBUG_INFO = NO;
				SDKROOT = iphoneos;
				VALIDATE_PRODUCT = YES;
			};
			name = Release;
		};
		E3BFF2521E014A5F008A8F24 /* Debug */ = {
			isa = XCBuildConfiguration;
			buildSettings = {
				ASSETCATALOG_COMPILER_APPICON_NAME = AppIcon;
				DEVELOPMENT_TEAM = 53WAK344J7;
				INFOPLIST_FILE = TPEmotion/Info.plist;
				IPHONEOS_DEPLOYMENT_TARGET = 10.0;
				LD_RUNPATH_SEARCH_PATHS = "$(inherited) @executable_path/Frameworks";
				PRODUCT_BUNDLE_IDENTIFIER = panda.tv.TPEmotion;
				PRODUCT_NAME = "$(TARGET_NAME)";
			};
			name = Debug;
		};
		E3BFF2531E014A5F008A8F24 /* Release */ = {
			isa = XCBuildConfiguration;
			buildSettings = {
				ASSETCATALOG_COMPILER_APPICON_NAME = AppIcon;
				DEVELOPMENT_TEAM = 53WAK344J7;
				INFOPLIST_FILE = TPEmotion/Info.plist;
				IPHONEOS_DEPLOYMENT_TARGET = 10.0;
				LD_RUNPATH_SEARCH_PATHS = "$(inherited) @executable_path/Frameworks";
				PRODUCT_BUNDLE_IDENTIFIER = panda.tv.TPEmotion;
				PRODUCT_NAME = "$(TARGET_NAME)";
			};
			name = Release;
		};
/* End XCBuildConfiguration section */

/* Begin XCConfigurationList section */
		E3BFF2351E014A5F008A8F24 /* Build configuration list for PBXProject "TPEmotion" */ = {
			isa = XCConfigurationList;
			buildConfigurations = (
				E3BFF24F1E014A5F008A8F24 /* Debug */,
				E3BFF2501E014A5F008A8F24 /* Release */,
			);
			defaultConfigurationIsVisible = 0;
			defaultConfigurationName = Release;
		};
		E3BFF2511E014A5F008A8F24 /* Build configuration list for PBXNativeTarget "TPEmotion" */ = {
			isa = XCConfigurationList;
			buildConfigurations = (
				E3BFF2521E014A5F008A8F24 /* Debug */,
				E3BFF2531E014A5F008A8F24 /* Release */,
			);
			defaultConfigurationIsVisible = 0;
			defaultConfigurationName = Release;
		};
/* End XCConfigurationList section */
	};
	rootObject = E3BFF2321E014A5F008A8F24 /* Project object */;
}
